PODS:
  - Alamofire (4.7.2)
  - CodableAlamofire (1.1.0):
    - Alamofire (~> 4.0)
  - MBProgressHUD (0.9.1)
  - MJRefresh (3.1.15.3)
  - SDWebImage (4.3.3):
    - SDWebImage/Core (= 4.3.3)
  - SDWebImage/Core (4.3.3)
  - SnapKit (4.0.0)
  - YYKit (0.9.6):
    - YYKit/no-arc (= 0.9.6)
  - YYKit/no-arc (0.9.6)

DEPENDENCIES:
  - CodableAlamofire
  - MBProgressHUD (= 0.9.1)
  - MJRefresh
  - SDWebImage (~> 4.0)
  - SnapKit
  - YYKit (= 0.9.6)

SPEC REPOS:
  https://github.com/cocoapods/specs.git:
    - Alamofire
    - CodableAlamofire
    - MBProgressHUD
    - MJRefresh
    - SDWebImage
    - SnapKit
    - YYKit

SPEC CHECKSUMS:
  Alamofire: e4fa87002c137ba2d8d634d2c51fabcda0d5c223
  CodableAlamofire: e2d2edcec7cf413f7862c30c8fa98eded27a83f9
  MBProgressHUD: c47f2c166c126cf2ce36498d80f33e754d4e93ad
  MJRefresh: b48380ae2b927b46c4ef000de9adb8dc748e1df7
  SDWebImage: de4d90b5bff3571eae7bd16202b1f43135409fa5
  SnapKit: a42d492c16e80209130a3379f73596c3454b7694
  YYKit: 7e27f6b55883bfe3ec2b98e7ad9c38fcbb92a1c5

PODFILE CHECKSUM: 5b2a77625cde58ff641634cbf685170c79a93318

COCOAPODS: 1.6.0.beta.2
